
Microsoft Visual Studio Solution File, Format Version 12.00
# Visual Studio Version 17
VisualStudioVersion = 17.6.33815.320
MinimumVisualStudioVersion = 10.0.40219.1
Project("{FAE04EC0-301F-11D3-BF4B-00C04F79EFBC}") = "CreateWebService", "CreateWebService\CreateWebService.csproj", "{65227678-0FDC-4181-A16C-86315734B5A0}"
EndProject
Global
	GlobalSection(SolutionConfigurationPlatforms) = preSolution
		Debug|Any CPU = Debug|Any CPU
		Release|Any CPU = Release|Any CPU
	EndGlobalSection
	GlobalSection(ProjectConfigurationPlatforms) = postSolution
		{65227678-0FDC-4181-A16C-86315734B5A0}.Debug|Any CPU.ActiveCfg = Debug|Any CPU
		{65227678-0FDC-4181-A16C-86315734B5A0}.Debug|Any CPU.Build.0 = Debug|Any CPU
		{65227678-0FDC-4181-A16C-86315734B5A0}.Release|Any CPU.ActiveCfg = Release|Any CPU
		{65227678-0FDC-4181-A16C-86315734B5A0}.Release|Any CPU.Build.0 = Release|Any CPU
	EndGlobalSection
	GlobalSection(SolutionProperties) = preSolution
		HideSolutionNode = FALSE
	EndGlobalSection
	GlobalSection(ExtensibilityGlobals) = postSolution
		SolutionGuid = {A21700F3-C35F-45F9-B3E0-A309BFFEA325}
	EndGlobalSection
EndGlobal
